// !$*UTF8*$!
{
	archiveVersion = 1;
	classes = {
	};
	objectVersion = 50;
	objects = {

/* Begin PBXBuildFile section */
		5E488DCA211E42330021849E /* PhotoAlbumViewController.swift in Sources */ = {isa = PBXBuildFile; fileRef = 5E488DC9211E42330021849E /* PhotoAlbumViewController.swift */; };
		5E6CB1D4210FD33100591165 /* AppDelegate.swift in Sources */ = {isa = PBXBuildFile; fileRef = 5E6CB1D3210FD33100591165 /* AppDelegate.swift */; };
		5E6CB1D9210FD33100591165 /* Main.storyboard in Resources */ = {isa = PBXBuildFile; fileRef = 5E6CB1D7210FD33100591165 /* Main.storyboard */; };
		5E6CB1DC210FD33100591165 /* VirtualTourist.xcdatamodeld in Sources */ = {isa = PBXBuildFile; fileRef = 5E6CB1DA210FD33100591165 /* VirtualTourist.xcdatamodeld */; };
		5E6CB1DE210FD33400591165 /* Assets.xcassets in Resources */ = {isa = PBXBuildFile; fileRef = 5E6CB1DD210FD33400591165 /* Assets.xcassets */; };
		5E6CB1E1210FD33400591165 /* LaunchScreen.storyboard in Resources */ = {isa = PBXBuildFile; fileRef = 5E6CB1DF210FD33400591165 /* LaunchScreen.storyboard */; };
		5E6CB1EC210FD33400591165 /* VirtualTouristTests.swift in Sources */ = {isa = PBXBuildFile; fileRef = 5E6CB1EB210FD33400591165 /* VirtualTouristTests.swift */; };
		5E6CB1F7210FD33400591165 /* VirtualTouristUITests.swift in Sources */ = {isa = PBXBuildFile; fileRef = 5E6CB1F6210FD33400591165 /* VirtualTouristUITests.swift */; };
		5E6CB209210FD62D00591165 /* TravelLocationsMapViewController.swift in Sources */ = {isa = PBXBuildFile; fileRef = 5E6CB208210FD62D00591165 /* TravelLocationsMapViewController.swift */; };
		5E6CB20D2110C05200591165 /* FlickrAPIClient.swift in Sources */ = {isa = PBXBuildFile; fileRef = 5E6CB20C2110C05200591165 /* FlickrAPIClient.swift */; };
		5E6CB2182111144300591165 /* SwiftyJSON.framework in Frameworks */ = {isa = PBXBuildFile; fileRef = 5E6CB2152111144300591165 /* SwiftyJSON.framework */; };
		5E6CB2192111144300591165 /* Alamofire.framework in Frameworks */ = {isa = PBXBuildFile; fileRef = 5E6CB2162111144300591165 /* Alamofire.framework */; };
		5E6CB21B2111180000591165 /* ObjectMapper.framework in Frameworks */ = {isa = PBXBuildFile; fileRef = 5E6CB2142111144300591165 /* ObjectMapper.framework */; };
		5E6CB21D2111188000591165 /* AlamofireObjectMapper.framework in Frameworks */ = {isa = PBXBuildFile; fileRef = 5E6CB21C2111188000591165 /* AlamofireObjectMapper.framework */; };
		5E6CB221211139A300591165 /* DataController.swift in Sources */ = {isa = PBXBuildFile; fileRef = 5E6CB220211139A300591165 /* DataController.swift */; };
		5E6CB22321113CC100591165 /* MappedMinimalPhoto.swift in Sources */ = {isa = PBXBuildFile; fileRef = 5E6CB22221113CC100591165 /* MappedMinimalPhoto.swift */; };
		5E6CB22521113CE800591165 /* MappedPhoto.swift in Sources */ = {isa = PBXBuildFile; fileRef = 5E6CB22421113CE800591165 /* MappedPhoto.swift */; };
		5E6CB22721113D2200591165 /* MappedPhotos.swift in Sources */ = {isa = PBXBuildFile; fileRef = 5E6CB22621113D2200591165 /* MappedPhotos.swift */; };
		5EFA4A1A2113C88C00785A4D /* PhotoAlbumCell.swift in Sources */ = {isa = PBXBuildFile; fileRef = 5EFA4A192113C88C00785A4D /* PhotoAlbumCell.swift */; };
/* End PBXBuildFile section */

/* Begin PBXContainerItemProxy section */
		5E6CB1E8210FD33400591165 /* PBXContainerItemProxy */ = {
			isa = PBXContainerItemProxy;
			containerPortal = 5E6CB1C8210FD33100591165 /* Project object */;
			proxyType = 1;
			remoteGlobalIDString = 5E6CB1CF210FD33100591165;
			remoteInfo = VirtualTourist;
		};
		5E6CB1F3210FD33400591165 /* PBXContainerItemProxy */ = {
			isa = PBXContainerItemProxy;
			containerPortal = 5E6CB1C8210FD33100591165 /* Project object */;
			proxyType = 1;
			remoteGlobalIDString = 5E6CB1CF210FD33100591165;
			remoteInfo = VirtualTourist;
		};
/* End PBXContainerItemProxy section */

/* Begin PBXFileReference section */
		5E488DC9211E42330021849E /* PhotoAlbumViewController.swift */ = {isa = PBXFileReference; lastKnownFileType = sourcecode.swift; path = PhotoAlbumViewController.swift; sourceTree = "<group>"; };
		5E6CB1D0210FD33100591165 /* VirtualTourist.app */ = {isa = PBXFileReference; explicitFileType = wrapper.application; includeInIndex = 0; path = VirtualTourist.app; sourceTree = BUILT_PRODUCTS_DIR; };
		5E6CB1D3210FD33100591165 /* AppDelegate.swift */ = {isa = PBXFileReference; lastKnownFileType = sourcecode.swift; path = AppDelegate.swift; sourceTree = "<group>"; };
		5E6CB1D8210FD33100591165 /* Base */ = {isa = PBXFileReference; lastKnownFileType = file.storyboard; name = Base; path = Base.lproj/Main.storyboard; sourceTree = "<group>"; };
		5E6CB1DB210FD33100591165 /* VirtualTourist.xcdatamodel */ = {isa = PBXFileReference; lastKnownFileType = wrapper.xcdatamodel; path = VirtualTourist.xcdatamodel; sourceTree = "<group>"; };
		5E6CB1DD210FD33400591165 /* Assets.xcassets */ = {isa = PBXFileReference; lastKnownFileType = folder.assetcatalog; path = Assets.xcassets; sourceTree = "<group>"; };
		5E6CB1E0210FD33400591165 /* Base */ = {isa = PBXFileReference; lastKnownFileType = file.storyboard; name = Base; path = Base.lproj/LaunchScreen.storyboard; sourceTree = "<group>"; };
		5E6CB1E2210FD33400591165 /* Info.plist */ = {isa = PBXFileReference; lastKnownFileType = text.plist.xml; path = Info.plist; sourceTree = "<group>"; };
		5E6CB1E7210FD33400591165 /* VirtualTouristTests.xctest */ = {isa = PBXFileReference; explicitFileType = wrapper.cfbundle; includeInIndex = 0; path = VirtualTouristTests.xctest; sourceTree = BUILT_PRODUCTS_DIR; };
		5E6CB1EB210FD33400591165 /* VirtualTouristTests.swift */ = {isa = PBXFileReference; lastKnownFileType = sourcecode.swift; path = VirtualTouristTests.swift; sourceTree = "<group>"; };
		5E6CB1ED210FD33400591165 /* Info.plist */ = {isa = PBXFileReference; lastKnownFileType = text.plist.xml; path = Info.plist; sourceTree = "<group>"; };
		5E6CB1F2210FD33400591165 /* VirtualTouristUITests.xctest */ = {isa = PBXFileReference; explicitFileType = wrapper.cfbundle; includeInIndex = 0; path = VirtualTouristUITests.xctest; sourceTree = BUILT_PRODUCTS_DIR; };
		5E6CB1F6210FD33400591165 /* VirtualTouristUITests.swift */ = {isa = PBXFileReference; lastKnownFileType = sourcecode.swift; path = VirtualTouristUITests.swift; sourceTree = "<group>"; };
		5E6CB1F8210FD33400591165 /* Info.plist */ = {isa = PBXFileReference; lastKnownFileType = text.plist.xml; path = Info.plist; sourceTree = "<group>"; };
		5E6CB208210FD62D00591165 /* TravelLocationsMapViewController.swift */ = {isa = PBXFileReference; lastKnownFileType = sourcecode.swift; path = TravelLocationsMapViewController.swift; sourceTree = "<group>"; };
		5E6CB20C2110C05200591165 /* FlickrAPIClient.swift */ = {isa = PBXFileReference; lastKnownFileType = sourcecode.swift; path = FlickrAPIClient.swift; sourceTree = "<group>"; };
		5E6CB2142111144300591165 /* ObjectMapper.framework */ = {isa = PBXFileReference; lastKnownFileType = wrapper.framework; name = ObjectMapper.framework; path = Carthage/Build/iOS/ObjectMapper.framework; sourceTree = "<group>"; };
		5E6CB2152111144300591165 /* SwiftyJSON.framework */ = {isa = PBXFileReference; lastKnownFileType = wrapper.framework; name = SwiftyJSON.framework; path = Carthage/Build/iOS/SwiftyJSON.framework; sourceTree = "<group>"; };
		5E6CB2162111144300591165 /* Alamofire.framework */ = {isa = PBXFileReference; lastKnownFileType = wrapper.framework; name = Alamofire.framework; path = Carthage/Build/iOS/Alamofire.framework; sourceTree = "<group>"; };
		5E6CB21C2111188000591165 /* AlamofireObjectMapper.framework */ = {isa = PBXFileReference; lastKnownFileType = wrapper.framework; name = AlamofireObjectMapper.framework; path = Carthage/Build/iOS/AlamofireObjectMapper.framework; sourceTree = "<group>"; };
		5E6CB220211139A300591165 /* DataController.swift */ = {isa = PBXFileReference; lastKnownFileType = sourcecode.swift; path = DataController.swift; sourceTree = "<group>"; };
		5E6CB22221113CC100591165 /* MappedMinimalPhoto.swift */ = {isa = PBXFileReference; lastKnownFileType = sourcecode.swift; path = MappedMinimalPhoto.swift; sourceTree = "<group>"; };
		5E6CB22421113CE800591165 /* MappedPhoto.swift */ = {isa = PBXFileReference; lastKnownFileType = sourcecode.swift; path = MappedPhoto.swift; sourceTree = "<group>"; };
		5E6CB22621113D2200591165 /* MappedPhotos.swift */ = {isa = PBXFileReference; lastKnownFileType = sourcecode.swift; path = MappedPhotos.swift; sourceTree = "<group>"; };
		5EFA4A192113C88C00785A4D /* PhotoAlbumCell.swift */ = {isa = PBXFileReference; lastKnownFileType = sourcecode.swift; path = PhotoAlbumCell.swift; sourceTree = "<group>"; };
/* End PBXFileReference section */

/* Begin PBXFrameworksBuildPhase section */
		5E6CB1CD210FD33100591165 /* Frameworks */ = {
			isa = PBXFrameworksBuildPhase;
			buildActionMask = 2147483647;
			files = (
				5E6CB2192111144300591165 /* Alamofire.framework in Frameworks */,
				5E6CB21B2111180000591165 /* ObjectMapper.framework in Frameworks */,
				5E6CB2182111144300591165 /* SwiftyJSON.framework in Frameworks */,
				5E6CB21D2111188000591165 /* AlamofireObjectMapper.framework in Frameworks */,
			);
			runOnlyForDeploymentPostprocessing = 0;
		};
		5E6CB1E4210FD33400591165 /* Frameworks */ = {
			isa = PBXFrameworksBuildPhase;
			buildActionMask = 2147483647;
			files = (
			);
			runOnlyForDeploymentPostprocessing = 0;
		};
		5E6CB1EF210FD33400591165 /* Frameworks */ = {
			isa = PBXFrameworksBuildPhase;
			buildActionMask = 2147483647;
			files = (
			);
			runOnlyForDeploymentPostprocessing = 0;
		};
/* End PBXFrameworksBuildPhase section */

/* Begin PBXGroup section */
		5E6CB1C7210FD33100591165 = {
			isa = PBXGroup;
			children = (
				5E6CB1D2210FD33100591165 /* VirtualTourist */,
				5E6CB1EA210FD33400591165 /* VirtualTouristTests */,
				5E6CB1F5210FD33400591165 /* VirtualTouristUITests */,
				5E6CB1D1210FD33100591165 /* Products */,
				5E6CB2132111144200591165 /* Frameworks */,
			);
			sourceTree = "<group>";
		};
		5E6CB1D1210FD33100591165 /* Products */ = {
			isa = PBXGroup;
			children = (
				5E6CB1D0210FD33100591165 /* VirtualTourist.app */,
				5E6CB1E7210FD33400591165 /* VirtualTouristTests.xctest */,
				5E6CB1F2210FD33400591165 /* VirtualTouristUITests.xctest */,
			);
			name = Products;
			sourceTree = "<group>";
		};
		5E6CB1D2210FD33100591165 /* VirtualTourist */ = {
			isa = PBXGroup;
			children = (
				5E6CB1D3210FD33100591165 /* AppDelegate.swift */,
				5E6CB204210FD36E00591165 /* Model */,
				5E6CB205210FD37800591165 /* View */,
				5E6CB206210FD37E00591165 /* Controller */,
				5E6CB207210FD3A200591165 /* Assets */,
				5E6CB1E2210FD33400591165 /* Info.plist */,
			);
			path = VirtualTourist;
			sourceTree = "<group>";
		};
		5E6CB1EA210FD33400591165 /* VirtualTouristTests */ = {
			isa = PBXGroup;
			children = (
				5E6CB1EB210FD33400591165 /* VirtualTouristTests.swift */,
				5E6CB1ED210FD33400591165 /* Info.plist */,
			);
			path = VirtualTouristTests;
			sourceTree = "<group>";
		};
		5E6CB1F5210FD33400591165 /* VirtualTouristUITests */ = {
			isa = PBXGroup;
			children = (
				5E6CB1F6210FD33400591165 /* VirtualTouristUITests.swift */,
				5E6CB1F8210FD33400591165 /* Info.plist */,
			);
			path = VirtualTouristUITests;
			sourceTree = "<group>";
		};
		5E6CB204210FD36E00591165 /* Model */ = {
			isa = PBXGroup;
			children = (
				5E6CB1DA210FD33100591165 /* VirtualTourist.xcdatamodeld */,
				5E6CB220211139A300591165 /* DataController.swift */,
				5E6CB20B211008FF00591165 /* Client */,
			);
			path = Model;
			sourceTree = "<group>";
		};
		5E6CB205210FD37800591165 /* View */ = {
			isa = PBXGroup;
			children = (
				5E6CB1D7210FD33100591165 /* Main.storyboard */,
				5E6CB1DF210FD33400591165 /* LaunchScreen.storyboard */,
				5EFA4A192113C88C00785A4D /* PhotoAlbumCell.swift */,
			);
			path = View;
			sourceTree = "<group>";
		};
		5E6CB206210FD37E00591165 /* Controller */ = {
			isa = PBXGroup;
			children = (
				5E6CB208210FD62D00591165 /* TravelLocationsMapViewController.swift */,
				5E488DC9211E42330021849E /* PhotoAlbumViewController.swift */,
			);
			path = Controller;
			sourceTree = "<group>";
		};
		5E6CB207210FD3A200591165 /* Assets */ = {
			isa = PBXGroup;
			children = (
				5E6CB1DD210FD33400591165 /* Assets.xcassets */,
			);
			path = Assets;
			sourceTree = "<group>";
		};
		5E6CB20B211008FF00591165 /* Client */ = {
			isa = PBXGroup;
			children = (
				5E6CB22821113D2D00591165 /* ObjectMapping */,
				5E6CB20C2110C05200591165 /* FlickrAPIClient.swift */,
			);
			path = Client;
			sourceTree = "<group>";
		};
		5E6CB2132111144200591165 /* Frameworks */ = {
			isa = PBXGroup;
			children = (
				5E6CB21C2111188000591165 /* AlamofireObjectMapper.framework */,
				5E6CB2162111144300591165 /* Alamofire.framework */,
				5E6CB2142111144300591165 /* ObjectMapper.framework */,
				5E6CB2152111144300591165 /* SwiftyJSON.framework */,
			);
			name = Frameworks;
			sourceTree = "<group>";
		};
		5E6CB22821113D2D00591165 /* ObjectMapping */ = {
			isa = PBXGroup;
			children = (
				5E6CB22621113D2200591165 /* MappedPhotos.swift */,
				5E6CB22221113CC100591165 /* MappedMinimalPhoto.swift */,
				5E6CB22421113CE800591165 /* MappedPhoto.swift */,
			);
			path = ObjectMapping;
			sourceTree = "<group>";
		};
/* End PBXGroup section */

/* Begin PBXNativeTarget section */
		5E6CB1CF210FD33100591165 /* VirtualTourist */ = {
			isa = PBXNativeTarget;
			buildConfigurationList = 5E6CB1FB210FD33400591165 /* Build configuration list for PBXNativeTarget "VirtualTourist" */;
			buildPhases = (
				5E6CB1CC210FD33100591165 /* Sources */,
				5E6CB1CD210FD33100591165 /* Frameworks */,
				5E6CB1CE210FD33100591165 /* Resources */,
				5E6CB21A2111145F00591165 /* ShellScript */,
			);
			buildRules = (
			);
			dependencies = (
			);
			name = VirtualTourist;
			productName = VirtualTourist;
			productReference = 5E6CB1D0210FD33100591165 /* VirtualTourist.app */;
			productType = "com.apple.product-type.application";
		};
		5E6CB1E6210FD33400591165 /* VirtualTouristTests */ = {
			isa = PBXNativeTarget;
			buildConfigurationList = 5E6CB1FE210FD33400591165 /* Build configuration list for PBXNativeTarget "VirtualTouristTests" */;
			buildPhases = (
				5E6CB1E3210FD33400591165 /* Sources */,
				5E6CB1E4210FD33400591165 /* Frameworks */,
				5E6CB1E5210FD33400591165 /* Resources */,
			);
			buildRules = (
			);
			dependencies = (
				5E6CB1E9210FD33400591165 /* PBXTargetDependency */,
			);
			name = VirtualTouristTests;
			productName = VirtualTouristTests;
			productReference = 5E6CB1E7210FD33400591165 /* VirtualTouristTests.xctest */;
			productType = "com.apple.product-type.bundle.unit-test";
		};
		5E6CB1F1210FD33400591165 /* VirtualTouristUITests */ = {
			isa = PBXNativeTarget;
			buildConfigurationList = 5E6CB201210FD33400591165 /* Build configuration list for PBXNativeTarget "VirtualTouristUITests" */;
			buildPhases = (
				5E6CB1EE210FD33400591165 /* Sources */,
				5E6CB1EF210FD33400591165 /* Frameworks */,
				5E6CB1F0210FD33400591165 /* Resources */,
			);
			buildRules = (
			);
			dependencies = (
				5E6CB1F4210FD33400591165 /* PBXTargetDependency */,
			);
			name = VirtualTouristUITests;
			productName = VirtualTouristUITests;
			productReference = 5E6CB1F2210FD33400591165 /* VirtualTouristUITests.xctest */;
			productType = "com.apple.product-type.bundle.ui-testing";
		};
/* End PBXNativeTarget section */

/* Begin PBXProject section */
		5E6CB1C8210FD33100591165 /* Project object */ = {
			isa = PBXProject;
			attributes = {
				LastSwiftUpdateCheck = 0940;
				LastUpgradeCheck = 0940;
				ORGANIZATIONNAME = "Viktor Lantos";
				TargetAttributes = {
					5E6CB1CF210FD33100591165 = {
						CreatedOnToolsVersion = 9.4.1;
					};
					5E6CB1E6210FD33400591165 = {
						CreatedOnToolsVersion = 9.4.1;
						TestTargetID = 5E6CB1CF210FD33100591165;
					};
					5E6CB1F1210FD33400591165 = {
						CreatedOnToolsVersion = 9.4.1;
						TestTargetID = 5E6CB1CF210FD33100591165;
					};
				};
			};
			buildConfigurationList = 5E6CB1CB210FD33100591165 /* Build configuration list for PBXProject "VirtualTourist" */;
			compatibilityVersion = "Xcode 9.3";
			developmentRegion = en;
			hasScannedForEncodings = 0;
			knownRegions = (
				en,
				Base,
			);
			mainGroup = 5E6CB1C7210FD33100591165;
			productRefGroup = 5E6CB1D1210FD33100591165 /* Products */;
			projectDirPath = "";
			projectRoot = "";
			targets = (
				5E6CB1CF210FD33100591165 /* VirtualTourist */,
				5E6CB1E6210FD33400591165 /* VirtualTouristTests */,
				5E6CB1F1210FD33400591165 /* VirtualTouristUITests */,
			);
		};
/* End PBXProject section */

/* Begin PBXResourcesBuildPhase section */
		5E6CB1CE210FD33100591165 /* Resources */ = {
			isa = PBXResourcesBuildPhase;
			buildActionMask = 2147483647;
			files = (
				5E6CB1E1210FD33400591165 /* LaunchScreen.storyboard in Resources */,
				5E6CB1DE210FD33400591165 /* Assets.xcassets in Resources */,
				5E6CB1D9210FD33100591165 /* Main.storyboard in Resources */,
			);
			runOnlyForDeploymentPostprocessing = 0;
		};
		5E6CB1E5210FD33400591165 /* Resources */ = {
			isa = PBXResourcesBuildPhase;
			buildActionMask = 2147483647;
			files = (
			);
			runOnlyForDeploymentPostprocessing = 0;
		};
		5E6CB1F0210FD33400591165 /* Resources */ = {
			isa = PBXResourcesBuildPhase;
			buildActionMask = 2147483647;
			files = (
			);
			runOnlyForDeploymentPostprocessing = 0;
		};
/* End PBXResourcesBuildPhase section */

/* Begin PBXShellScriptBuildPhase section */
		5E6CB21A2111145F00591165 /* ShellScript */ = {
			isa = PBXShellScriptBuildPhase;
			buildActionMask = 2147483647;
			files = (
			);
			inputPaths = (
				"$(SRCROOT)/Carthage/Build/iOS/Alamofire.framework",
				"$(SRCROOT)/Carthage/Build/iOS/SwiftyJSON.framework",
				"$(SRCROOT)/Carthage/Build/iOS/ObjectMapper.framework",
				"$(SRCROOT)/Carthage/Build/iOS/AlamofireObjectMapper.framework",
			);
			outputPaths = (
			);
			runOnlyForDeploymentPostprocessing = 0;
			shellPath = /bin/sh;
			shellScript = "/usr/local/bin/carthage copy-frameworks";
		};
/* End PBXShellScriptBuildPhase section */

/* Begin PBXSourcesBuildPhase section */
		5E6CB1CC210FD33100591165 /* Sources */ = {
			isa = PBXSourcesBuildPhase;
			buildActionMask = 2147483647;
			files = (
				5E6CB221211139A300591165 /* DataController.swift in Sources */,
				5E6CB20D2110C05200591165 /* FlickrAPIClient.swift in Sources */,
				5E6CB1D4210FD33100591165 /* AppDelegate.swift in Sources */,
				5E6CB1DC210FD33100591165 /* VirtualTourist.xcdatamodeld in Sources */,
				5E6CB209210FD62D00591165 /* TravelLocationsMapViewController.swift in Sources */,
				5E488DCA211E42330021849E /* PhotoAlbumViewController.swift in Sources */,
				5E6CB22321113CC100591165 /* MappedMinimalPhoto.swift in Sources */,
				5E6CB22521113CE800591165 /* MappedPhoto.swift in Sources */,
				5E6CB22721113D2200591165 /* MappedPhotos.swift in Sources */,
				5EFA4A1A2113C88C00785A4D /* PhotoAlbumCell.swift in Sources */,
			);
			runOnlyForDeploymentPostprocessing = 0;
		};
		5E6CB1E3210FD33400591165 /* Sources */ = {
			isa = PBXSourcesBuildPhase;
			buildActionMask = 2147483647;
			files = (
				5E6CB1EC210FD33400591165 /* VirtualTouristTests.swift in Sources */,
			);
			runOnlyForDeploymentPostprocessing = 0;
		};
		5E6CB1EE210FD33400591165 /* Sources */ = {
			isa = PBXSourcesBuildPhase;
			buildActionMask = 2147483647;
			files = (
				5E6CB1F7210FD33400591165 /* VirtualTouristUITests.swift in Sources */,
			);
			runOnlyForDeploymentPostprocessing = 0;
		};
/* End PBXSourcesBuildPhase section */

/* Begin PBXTargetDependency section */
		5E6CB1E9210FD33400591165 /* PBXTargetDependency */ = {
			isa = PBXTargetDependency;
			target = 5E6CB1CF210FD33100591165 /* VirtualTourist */;
			targetProxy = 5E6CB1E8210FD33400591165 /* PBXContainerItemProxy */;
		};
		5E6CB1F4210FD33400591165 /* PBXTargetDependency */ = {
			isa = PBXTargetDependency;
			target = 5E6CB1CF210FD33100591165 /* VirtualTourist */;
			targetProxy = 5E6CB1F3210FD33400591165 /* PBXContainerItemProxy */;
		};
/* End PBXTargetDependency section */

/* Begin PBXVariantGroup section */
		5E6CB1D7210FD33100591165 /* Main.storyboard */ = {
			isa = PBXVariantGroup;
			children = (
				5E6CB1D8210FD33100591165 /* Base */,
			);
			name = Main.storyboard;
			sourceTree = "<group>";
		};
		5E6CB1DF210FD33400591165 /* LaunchScreen.storyboard */ = {
			isa = PBXVariantGroup;
			children = (
				5E6CB1E0210FD33400591165 /* Base */,
			);
			name = LaunchScreen.storyboard;
			sourceTree = "<group>";
		};
/* End PBXVariantGroup section */

/* Begin XCBuildConfiguration section */
		5E6CB1F9210FD33400591165 /* Debug */ = {
			isa = XCBuildConfiguration;
			buildSettings = {
				ALWAYS_SEARCH_USER_PATHS = NO;
				CLANG_ANALYZER_NONNULL = YES;
				CLANG_ANALYZER_NUMBER_OBJECT_CONVERSION = YES_AGGRESSIVE;
				CLANG_CXX_LANGUAGE_STANDARD = "gnu++14";
				CLANG_CXX_LIBRARY = "libc++";
				CLANG_ENABLE_MODULES = YES;
				CLANG_ENABLE_OBJC_ARC = YES;
				CLANG_ENABLE_OBJC_WEAK = YES;
				CLANG_WARN_BLOCK_CAPTURE_AUTORELEASING = YES;
				CLANG_WARN_BOOL_CONVERSION = YES;
				CLANG_WARN_COMMA = YES;
				CLANG_WARN_CONSTANT_CONVERSION = YES;
				CLANG_WARN_DEPRECATED_OBJC_IMPLEMENTATIONS = YES;
				CLANG_WARN_DIRECT_OBJC_ISA_USAGE = YES_ERROR;
				CLANG_WARN_DOCUMENTATION_COMMENTS = YES;
				CLANG_WARN_EMPTY_BODY = YES;
				CLANG_WARN_ENUM_CONVERSION = YES;
				CLANG_WARN_INFINITE_RECURSION = YES;
				CLANG_WARN_INT_CONVERSION = YES;
				CLANG_WARN_NON_LITERAL_NULL_CONVERSION = YES;
				CLANG_WARN_OBJC_IMPLICIT_RETAIN_SELF = YES;
				CLANG_WARN_OBJC_LITERAL_CONVERSION = YES;
				CLANG_WARN_OBJC_ROOT_CLASS = YES_ERROR;
				CLANG_WARN_RANGE_LOOP_ANALYSIS = YES;
				CLANG_WARN_STRICT_PROTOTYPES = YES;
				CLANG_WARN_SUSPICIOUS_MOVE = YES;
				CLANG_WARN_UNGUARDED_AVAILABILITY = YES_AGGRESSIVE;
				CLANG_WARN_UNREACHABLE_CODE = YES;
				CLANG_WARN__DUPLICATE_METHOD_MATCH = YES;
				CODE_SIGN_IDENTITY = "iPhone Developer";
				COPY_PHASE_STRIP = NO;
				DEBUG_INFORMATION_FORMAT = dwarf;
				ENABLE_STRICT_OBJC_MSGSEND = YES;
				ENABLE_TESTABILITY = YES;
				GCC_C_LANGUAGE_STANDARD = gnu11;
				GCC_DYNAMIC_NO_PIC = NO;
				GCC_NO_COMMON_BLOCKS = YES;
				GCC_OPTIMIZATION_LEVEL = 0;
				GCC_PREPROCESSOR_DEFINITIONS = (
					"DEBUG=1",
					"$(inherited)",
				);
				GCC_WARN_64_TO_32_BIT_CONVERSION = YES;
				GCC_WARN_ABOUT_RETURN_TYPE = YES_ERROR;
				GCC_WARN_UNDECLARED_SELECTOR = YES;
				GCC_WARN_UNINITIALIZED_AUTOS = YES_AGGRESSIVE;
				GCC_WARN_UNUSED_FUNCTION = YES;
				GCC_WARN_UNUSED_VARIABLE = YES;
				IPHONEOS_DEPLOYMENT_TARGET = 11.4;
				MTL_ENABLE_DEBUG_INFO = YES;
				ONLY_ACTIVE_ARCH = YES;
				SDKROOT = iphoneos;
				SWIFT_ACTIVE_COMPILATION_CONDITIONS = DEBUG;
				SWIFT_OPTIMIZATION_LEVEL = "-Onone";
			};
			name = Debug;
		};
		5E6CB1FA210FD33400591165 /* Release */ = {
			isa = XCBuildConfiguration;
			buildSettings = {
				ALWAYS_SEARCH_USER_PATHS = NO;
				CLANG_ANALYZER_NONNULL = YES;
				CLANG_ANALYZER_NUMBER_OBJECT_CONVERSION = YES_AGGRESSIVE;
				CLANG_CXX_LANGUAGE_STANDARD = "gnu++14";
				CLANG_CXX_LIBRARY = "libc++";
				CLANG_ENABLE_MODULES = YES;
				CLANG_ENABLE_OBJC_ARC = YES;
				CLANG_ENABLE_OBJC_WEAK = YES;
				CLANG_WARN_BLOCK_CAPTURE_AUTORELEASING = YES;
				CLANG_WARN_BOOL_CONVERSION = YES;
				CLANG_WARN_COMMA = YES;
				CLANG_WARN_CONSTANT_CONVERSION = YES;
				CLANG_WARN_DEPRECATED_OBJC_IMPLEMENTATIONS = YES;
				CLANG_WARN_DIRECT_OBJC_ISA_USAGE = YES_ERROR;
				CLANG_WARN_DOCUMENTATION_COMMENTS = YES;
				CLANG_WARN_EMPTY_BODY = YES;
				CLANG_WARN_ENUM_CONVERSION = YES;
				CLANG_WARN_INFINITE_RECURSION = YES;
				CLANG_WARN_INT_CONVERSION = YES;
				CLANG_WARN_NON_LITERAL_NULL_CONVERSION = YES;
				CLANG_WARN_OBJC_IMPLICIT_RETAIN_SELF = YES;
				CLANG_WARN_OBJC_LITERAL_CONVERSION = YES;
				CLANG_WARN_OBJC_ROOT_CLASS = YES_ERROR;
				CLANG_WARN_RANGE_LOOP_ANALYSIS = YES;
				CLANG_WARN_STRICT_PROTOTYPES = YES;
				CLANG_WARN_SUSPICIOUS_MOVE = YES;
				CLANG_WARN_UNGUARDED_AVAILABILITY = YES_AGGRESSIVE;
				CLANG_WARN_UNREACHABLE_CODE = YES;
				CLANG_WARN__DUPLICATE_METHOD_MATCH = YES;
				CODE_SIGN_IDENTITY = "iPhone Developer";
				COPY_PHASE_STRIP = NO;
				DEBUG_INFORMATION_FORMAT = "dwarf-with-dsym";
				ENABLE_NS_ASSERTIONS = NO;
				ENABLE_STRICT_OBJC_MSGSEND = YES;
				GCC_C_LANGUAGE_STANDARD = gnu11;
				GCC_NO_COMMON_BLOCKS = YES;
				GCC_WARN_64_TO_32_BIT_CONVERSION = YES;
				GCC_WARN_ABOUT_RETURN_TYPE = YES_ERROR;
				GCC_WARN_UNDECLARED_SELECTOR = YES;
				GCC_WARN_UNINITIALIZED_AUTOS = YES_AGGRESSIVE;
				GCC_WARN_UNUSED_FUNCTION = YES;
				GCC_WARN_UNUSED_VARIABLE = YES;
				IPHONEOS_DEPLOYMENT_TARGET = 11.4;
				MTL_ENABLE_DEBUG_INFO = NO;
				SDKROOT = iphoneos;
				SWIFT_COMPILATION_MODE = wholemodule;
				SWIFT_OPTIMIZATION_LEVEL = "-O";
				VALIDATE_PRODUCT = YES;
			};
			name = Release;
		};
		5E6CB1FC210FD33400591165 /* Debug */ = {
			isa = XCBuildConfiguration;
			buildSettings = {
				ASSETCATALOG_COMPILER_APPICON_NAME = AppIcon;
				CODE_SIGN_STYLE = Automatic;
				DEVELOPMENT_TEAM = 8Z592DNNSC;
				FRAMEWORK_SEARCH_PATHS = (
					"$(inherited)",
					"$(PROJECT_DIR)/Carthage/Build/iOS",
				);
				INFOPLIST_FILE = VirtualTourist/Info.plist;
				IPHONEOS_DEPLOYMENT_TARGET = 10.3;
				LD_RUNPATH_SEARCH_PATHS = (
					"$(inherited)",
					"@executable_path/Frameworks",
				);
				PRODUCT_BUNDLE_IDENTIFIER = com.viktorLantos.VirtualTourist.VirtualTourist;
				PRODUCT_NAME = "$(TARGET_NAME)";
				SWIFT_VERSION = 4.0;
				TARGETED_DEVICE_FAMILY = "1,2";
			};
			name = Debug;
		};
		5E6CB1FD210FD33400591165 /* Release */ = {
			isa = XCBuildConfiguration;
			buildSettings = {
				ASSETCATALOG_COMPILER_APPICON_NAME = AppIcon;
				CODE_SIGN_STYLE = Automatic;
				DEVELOPMENT_TEAM = 8Z592DNNSC;
				FRAMEWORK_SEARCH_PATHS = (
					"$(inherited)",
					"$(PROJECT_DIR)/Carthage/Build/iOS",
				);
				INFOPLIST_FILE = VirtualTourist/Info.plist;
				IPHONEOS_DEPLOYMENT_TARGET = 10.3;
				LD_RUNPATH_SEARCH_PATHS = (
					"$(inherited)",
					"@executable_path/Frameworks",
				);
				PRODUCT_BUNDLE_IDENTIFIER = com.viktorLantos.VirtualTourist.VirtualTourist;
				PRODUCT_NAME = "$(TARGET_NAME)";
				SWIFT_VERSION = 4.0;
				TARGETED_DEVICE_FAMILY = "1,2";
			};
			name = Release;
		};
		5E6CB1FF210FD33400591165 /* Debug */ = {
			isa = XCBuildConfiguration;
			buildSettings = {
				ALWAYS_EMBED_SWIFT_STANDARD_LIBRARIES = YES;
				BUNDLE_LOADER = "$(TEST_HOST)";
				CODE_SIGN_STYLE = Automatic;
				INFOPLIST_FILE = VirtualTouristTests/Info.plist;
				LD_RUNPATH_SEARCH_PATHS = (
					"$(inherited)",
					"@executable_path/Frameworks",
					"@loader_path/Frameworks",
				);
				PRODUCT_BUNDLE_IDENTIFIER = com.viktorLantos.VirtualTourist.VirtualTouristTests;
				PRODUCT_NAME = "$(TARGET_NAME)";
				SWIFT_VERSION = 4.0;
				TARGETED_DEVICE_FAMILY = "1,2";
				TEST_HOST = "$(BUILT_PRODUCTS_DIR)/VirtualTourist.app/VirtualTourist";
			};
			name = Debug;
		};
		5E6CB200210FD33400591165 /* Release */ = {
			isa = XCBuildConfiguration;
			buildSettings = {
				ALWAYS_EMBED_SWIFT_STANDARD_LIBRARIES = YES;
				BUNDLE_LOADER = "$(TEST_HOST)";
				CODE_SIGN_STYLE = Automatic;
				INFOPLIST_FILE = VirtualTouristTests/Info.plist;
				LD_RUNPATH_SEARCH_PATHS = (
					"$(inherited)",
					"@executable_path/Frameworks",
					"@loader_path/Frameworks",
				);
				PRODUCT_BUNDLE_IDENTIFIER = com.viktorLantos.VirtualTourist.VirtualTouristTests;
				PRODUCT_NAME = "$(TARGET_NAME)";
				SWIFT_VERSION = 4.0;
				TARGETED_DEVICE_FAMILY = "1,2";
				TEST_HOST = "$(BUILT_PRODUCTS_DIR)/VirtualTourist.app/VirtualTourist";
			};
			name = Release;
		};
		5E6CB202210FD33400591165 /* Debug */ = {
			isa = XCBuildConfiguration;
			buildSettings = {
				ALWAYS_EMBED_SWIFT_STANDARD_LIBRARIES = YES;
				CODE_SIGN_STYLE = Automatic;
				INFOPLIST_FILE = VirtualTouristUITests/Info.plist;
				LD_RUNPATH_SEARCH_PATHS = (
					"$(inherited)",
					"@executable_path/Frameworks",
					"@loader_path/Frameworks",
				);
				PRODUCT_BUNDLE_IDENTIFIER = com.viktorLantos.VirtualTourist.VirtualTouristUITests;
				PRODUCT_NAME = "$(TARGET_NAME)";
				SWIFT_VERSION = 4.0;
				TARGETED_DEVICE_FAMILY = "1,2";
				TEST_TARGET_NAME = VirtualTourist;
			};
			name = Debug;
		};
		5E6CB203210FD33400591165 /* Release */ = {
			isa = XCBuildConfiguration;
			buildSettings = {
				ALWAYS_EMBED_SWIFT_STANDARD_LIBRARIES = YES;
				CODE_SIGN_STYLE = Automatic;
				INFOPLIST_FILE = VirtualTouristUITests/Info.plist;
				LD_RUNPATH_SEARCH_PATHS = (
					"$(inherited)",
					"@executable_path/Frameworks",
					"@loader_path/Frameworks",
				);
				PRODUCT_BUNDLE_IDENTIFIER = com.viktorLantos.VirtualTourist.VirtualTouristUITests;
				PRODUCT_NAME = "$(TARGET_NAME)";
				SWIFT_VERSION = 4.0;
				TARGETED_DEVICE_FAMILY = "1,2";
				TEST_TARGET_NAME = VirtualTourist;
			};
			name = Release;
		};
/* End XCBuildConfiguration section */

/* Begin XCConfigurationList section */
		5E6CB1CB210FD33100591165 /* Build configuration list for PBXProject "VirtualTourist" */ = {
			isa = XCConfigurationList;
			buildConfigurations = (
				5E6CB1F9210FD33400591165 /* Debug */,
				5E6CB1FA210FD33400591165 /* Release */,
			);
			defaultConfigurationIsVisible = 0;
			defaultConfigurationName = Release;
		};
		5E6CB1FB210FD33400591165 /* Build configuration list for PBXNativeTarget "VirtualTourist" */ = {
			isa = XCConfigurationList;
			buildConfigurations = (
				5E6CB1FC210FD33400591165 /* Debug */,
				5E6CB1FD210FD33400591165 /* Release */,
			);
			defaultConfigurationIsVisible = 0;
			defaultConfigurationName = Release;
		};
		5E6CB1FE210FD33400591165 /* Build configuration list for PBXNativeTarget "VirtualTouristTests" */ = {
			isa = XCConfigurationList;
			buildConfigurations = (
				5E6CB1FF210FD33400591165 /* Debug */,
				5E6CB200210FD33400591165 /* Release */,
			);
			defaultConfigurationIsVisible = 0;
			defaultConfigurationName = Release;
		};
		5E6CB201210FD33400591165 /* Build configuration list for PBXNativeTarget "VirtualTouristUITests" */ = {
			isa = XCConfigurationList;
			buildConfigurations = (
				5E6CB202210FD33400591165 /* Debug */,
				5E6CB203210FD33400591165 /* Release */,
			);
			defaultConfigurationIsVisible = 0;
			defaultConfigurationName = Release;
		};
/* End XCConfigurationList section */

/* Begin XCVersionGroup section */
		5E6CB1DA210FD33100591165 /* VirtualTourist.xcdatamodeld */ = {
			isa = XCVersionGroup;
			children = (
				5E6CB1DB210FD33100591165 /* VirtualTourist.xcdatamodel */,
			);
			currentVersion = 5E6CB1DB210FD33100591165 /* VirtualTourist.xcdatamodel */;
			path = VirtualTourist.xcdatamodeld;
			sourceTree = "<group>";
			versionGroupType = wrapper.xcdatamodel;
		};
/* End XCVersionGroup section */
	};
	rootObject = 5E6CB1C8210FD33100591165 /* Project object */;
}
